
Microsoft Visual Studio Solution File, Format Version 12.00
# Visual Studio Version 16
VisualStudioVersion = 16.0.30204.135
MinimumVisualStudioVersion = 10.0.40219.1
Project("{FAE04EC0-301F-11D3-BF4B-00C04F79EFBC}") = "QLBH_HQTCSDL", "QLBH_HQTCSDL\QLBH_HQTCSDL.csproj", "{161DCF4F-8915-4D25-BA0B-DA4980CCE650}"
EndProject
Global
	GlobalSection(SolutionConfigurationPlatforms) = preSolution
		Debug|Any CPU = Debug|Any CPU
		Release|Any CPU = Release|Any CPU
	EndGlobalSection
	GlobalSection(ProjectConfigurationPlatforms) = postSolution
		{161DCF4F-8915-4D25-BA0B-DA4980CCE650}.Debug|Any CPU.ActiveCfg = Debug|Any CPU
		{161DCF4F-8915-4D25-BA0B-DA4980CCE650}.Debug|Any CPU.Build.0 = Debug|Any CPU
		{161DCF4F-8915-4D25-BA0B-DA4980CCE650}.Release|Any CPU.ActiveCfg = Release|Any CPU
		{161DCF4F-8915-4D25-BA0B-DA4980CCE650}.Release|Any CPU.Build.0 = Release|Any CPU
	EndGlobalSection
	GlobalSection(SolutionProperties) = preSolution
		HideSolutionNode = FALSE
	EndGlobalSection
	GlobalSection(ExtensibilityGlobals) = postSolution
		SolutionGuid = {04E7A47B-A50F-42D3-B562-08AD22A9CD20}
	EndGlobalSection
EndGlobal
